
Microsoft Visual Studio Solution File, Format Version 12.00
# Visual Studio Version 16
VisualStudioVersion = 16.0.32510.428
MinimumVisualStudioVersion = 10.0.40219.1
Project("{FAE04EC0-301F-11D3-BF4B-00C04F79EFBC}") = "ProjectPracticalWorkApp.Android", "ProjectPracticalWorkApp.Android\ProjectPracticalWorkApp.Android.csproj", "{92117AAC-CE90-4F7F-93C9-BA78B0E12EA1}"
EndProject
Project("{9A19103F-16F7-4668-BE54-9A1E7A4F7556}") = "ProjectPracticalWorkApp", "ProjectPracticalWorkApp\ProjectPracticalWorkApp.csproj", "{8D0494C6-7213-41CB-A441-0CF67C72D56E}"
EndProject
Global
	GlobalSection(SolutionConfigurationPlatforms) = preSolution
		Debug|Any CPU = Debug|Any CPU
		Debug|ARM = Debug|ARM
		Debug|iPhone = Debug|iPhone
		Debug|iPhoneSimulator = Debug|iPhoneSimulator
		Debug|x64 = Debug|x64
		Debug|x86 = Debug|x86
		Release|Any CPU = Release|Any CPU
		Release|ARM = Release|ARM
		Release|iPhone = Release|iPhone
		Release|iPhoneSimulator = Release|iPhoneSimulator
		Release|x64 = Release|x64
		Release|x86 = Release|x86
	EndGlobalSection
	GlobalSection(ProjectConfigurationPlatforms) = postSolution
		{92117AAC-CE90-4F7F-93C9-BA78B0E12EA1}.Debug|Any CPU.ActiveCfg = Debug|Any CPU
		{92117AAC-CE90-4F7F-93C9-BA78B0E12EA1}.Debug|Any CPU.Build.0 = Debug|Any CPU
		{92117AAC-CE90-4F7F-93C9-BA78B0E12EA1}.Debug|Any CPU.Deploy.0 = Debug|Any CPU
		{92117AAC-CE90-4F7F-93C9-BA78B0E12EA1}.Debug|ARM.ActiveCfg = Debug|Any CPU
		{92117AAC-CE90-4F7F-93C9-BA78B0E12EA1}.Debug|ARM.Build.0 = Debug|Any CPU
		{92117AAC-CE90-4F7F-93C9-BA78B0E12EA1}.Debug|ARM.Deploy.0 = Debug|Any CPU
		{92117AAC-CE90-4F7F-93C9-BA78B0E12EA1}.Debug|iPhone.ActiveCfg = Debug|Any CPU
		{92117AAC-CE90-4F7F-93C9-BA78B0E12EA1}.Debug|iPhone.Build.0 = Debug|Any CPU
		{92117AAC-CE90-4F7F-93C9-BA78B0E12EA1}.Debug|iPhone.Deploy.0 = Debug|Any CPU
		{92117AAC-CE90-4F7F-93C9-BA78B0E12EA1}.Debug|iPhoneSimulator.ActiveCfg = Debug|Any CPU
		{92117AAC-CE90-4F7F-93C9-BA78B0E12EA1}.Debug|iPhoneSimulator.Build.0 = Debug|Any CPU
		{92117AAC-CE90-4F7F-93C9-BA78B0E12EA1}.Debug|iPhoneSimulator.Deploy.0 = Debug|Any CPU
		{92117AAC-CE90-4F7F-93C9-BA78B0E12EA1}.Debug|x64.ActiveCfg = Debug|Any CPU
		{92117AAC-CE90-4F7F-93C9-BA78B0E12EA1}.Debug|x64.Build.0 = Debug|Any CPU
		{92117AAC-CE90-4F7F-93C9-BA78B0E12EA1}.Debug|x64.Deploy.0 = Debug|Any CPU
		{92117AAC-CE90-4F7F-93C9-BA78B0E12EA1}.Debug|x86.ActiveCfg = Debug|Any CPU
		{92117AAC-CE90-4F7F-93C9-BA78B0E12EA1}.Debug|x86.Build.0 = Debug|Any CPU
		{92117AAC-CE90-4F7F-93C9-BA78B0E12EA1}.Debug|x86.Deploy.0 = Debug|Any CPU
		{92117AAC-CE90-4F7F-93C9-BA78B0E12EA1}.Release|Any CPU.ActiveCfg = Release|Any CPU
		{92117AAC-CE90-4F7F-93C9-BA78B0E12EA1}.Release|Any CPU.Build.0 = Release|Any CPU
		{92117AAC-CE90-4F7F-93C9-BA78B0E12EA1}.Release|Any CPU.Deploy.0 = Release|Any CPU
		{92117AAC-CE90-4F7F-93C9-BA78B0E12EA1}.Release|ARM.ActiveCfg = Release|Any CPU
		{92117AAC-CE90-4F7F-93C9-BA78B0E12EA1}.Release|ARM.Build.0 = Release|Any CPU
		{92117AAC-CE90-4F7F-93C9-BA78B0E12EA1}.Release|ARM.Deploy.0 = Release|Any CPU
		{92117AAC-CE90-4F7F-93C9-BA78B0E12EA1}.Release|iPhone.ActiveCfg = Release|Any CPU
		{92117AAC-CE90-4F7F-93C9-BA78B0E12EA1}.Release|iPhone.Build.0 = Release|Any CPU
		{92117AAC-CE90-4F7F-93C9-BA78B0E12EA1}.Release|iPhone.Deploy.0 = Release|Any CPU
		{92117AAC-CE90-4F7F-93C9-BA78B0E12EA1}.Release|iPhoneSimulator.ActiveCfg = Release|Any CPU
		{92117AAC-CE90-4F7F-93C9-BA78B0E12EA1}.Release|iPhoneSimulator.Build.0 = Release|Any CPU
		{92117AAC-CE90-4F7F-93C9-BA78B0E12EA1}.Release|iPhoneSimulator.Deploy.0 = Release|Any CPU
		{92117AAC-CE90-4F7F-93C9-BA78B0E12EA1}.Release|x64.ActiveCfg = Release|Any CPU
		{92117AAC-CE90-4F7F-93C9-BA78B0E12EA1}.Release|x64.Build.0 = Release|Any CPU
		{92117AAC-CE90-4F7F-93C9-BA78B0E12EA1}.Release|x64.Deploy.0 = Release|Any CPU
		{92117AAC-CE90-4F7F-93C9-BA78B0E12EA1}.Release|x86.ActiveCfg = Release|Any CPU
		{92117AAC-CE90-4F7F-93C9-BA78B0E12EA1}.Release|x86.Build.0 = Release|Any CPU
		{92117AAC-CE90-4F7F-93C9-BA78B0E12EA1}.Release|x86.Deploy.0 = Release|Any CPU
		{8D0494C6-7213-41CB-A441-0CF67C72D56E}.Debug|Any CPU.ActiveCfg = Debug|Any CPU
		{8D0494C6-7213-41CB-A441-0CF67C72D56E}.Debug|Any CPU.Build.0 = Debug|Any CPU
		{8D0494C6-7213-41CB-A441-0CF67C72D56E}.Debug|Any CPU.Deploy.0 = Debug|Any CPU
		{8D0494C6-7213-41CB-A441-0CF67C72D56E}.Debug|ARM.ActiveCfg = Debug|Any CPU
		{8D0494C6-7213-41CB-A441-0CF67C72D56E}.Debug|ARM.Build.0 = Debug|Any CPU
		{8D0494C6-7213-41CB-A441-0CF67C72D56E}.Debug|ARM.Deploy.0 = Debug|Any CPU
		{8D0494C6-7213-41CB-A441-0CF67C72D56E}.Debug|iPhone.ActiveCfg = Debug|Any CPU
		{8D0494C6-7213-41CB-A441-0CF67C72D56E}.Debug|iPhone.Build.0 = Debug|Any CPU
		{8D0494C6-7213-41CB-A441-0CF67C72D56E}.Debug|iPhone.Deploy.0 = Debug|Any CPU
		{8D0494C6-7213-41CB-A441-0CF67C72D56E}.Debug|iPhoneSimulator.ActiveCfg = Debug|Any CPU
		{8D0494C6-7213-41CB-A441-0CF67C72D56E}.Debug|iPhoneSimulator.Build.0 = Debug|Any CPU
		{8D0494C6-7213-41CB-A441-0CF67C72D56E}.Debug|iPhoneSimulator.Deploy.0 = Debug|Any CPU
		{8D0494C6-7213-41CB-A441-0CF67C72D56E}.Debug|x64.ActiveCfg = Debug|Any CPU
		{8D0494C6-7213-41CB-A441-0CF67C72D56E}.Debug|x64.Build.0 = Debug|Any CPU
		{8D0494C6-7213-41CB-A441-0CF67C72D56E}.Debug|x64.Deploy.0 = Debug|Any CPU
		{8D0494C6-7213-41CB-A441-0CF67C72D56E}.Debug|x86.ActiveCfg = Debug|Any CPU
		{8D0494C6-7213-41CB-A441-0CF67C72D56E}.Debug|x86.Build.0 = Debug|Any CPU
		{8D0494C6-7213-41CB-A441-0CF67C72D56E}.Debug|x86.Deploy.0 = Debug|Any CPU
		{8D0494C6-7213-41CB-A441-0CF67C72D56E}.Release|Any CPU.ActiveCfg = Release|Any CPU
		{8D0494C6-7213-41CB-A441-0CF67C72D56E}.Release|Any CPU.Build.0 = Release|Any CPU
		{8D0494C6-7213-41CB-A441-0CF67C72D56E}.Release|Any CPU.Deploy.0 = Release|Any CPU
		{8D0494C6-7213-41CB-A441-0CF67C72D56E}.Release|ARM.ActiveCfg = Release|Any CPU
		{8D0494C6-7213-41CB-A441-0CF67C72D56E}.Release|ARM.Build.0 = Release|Any CPU
		{8D0494C6-7213-41CB-A441-0CF67C72D56E}.Release|ARM.Deploy.0 = Release|Any CPU
		{8D0494C6-7213-41CB-A441-0CF67C72D56E}.Release|iPhone.ActiveCfg = Release|Any CPU
		{8D0494C6-7213-41CB-A441-0CF67C72D56E}.Release|iPhone.Build.0 = Release|Any CPU
		{8D0494C6-7213-41CB-A441-0CF67C72D56E}.Release|iPhone.Deploy.0 = Release|Any CPU
		{8D0494C6-7213-41CB-A441-0CF67C72D56E}.Release|iPhoneSimulator.ActiveCfg = Release|Any CPU
		{8D0494C6-7213-41CB-A441-0CF67C72D56E}.Release|iPhoneSimulator.Build.0 = Release|Any CPU
		{8D0494C6-7213-41CB-A441-0CF67C72D56E}.Release|iPhoneSimulator.Deploy.0 = Release|Any CPU
		{8D0494C6-7213-41CB-A441-0CF67C72D56E}.Release|x64.ActiveCfg = Release|Any CPU
		{8D0494C6-7213-41CB-A441-0CF67C72D56E}.Release|x64.Build.0 = Release|Any CPU
		{8D0494C6-7213-41CB-A441-0CF67C72D56E}.Release|x64.Deploy.0 = Release|Any CPU
		{8D0494C6-7213-41CB-A441-0CF67C72D56E}.Release|x86.ActiveCfg = Release|Any CPU
		{8D0494C6-7213-41CB-A441-0CF67C72D56E}.Release|x86.Build.0 = Release|Any CPU
		{8D0494C6-7213-41CB-A441-0CF67C72D56E}.Release|x86.Deploy.0 = Release|Any CPU
	EndGlobalSection
	GlobalSection(SolutionProperties) = preSolution
		HideSolutionNode = FALSE
	EndGlobalSection
	GlobalSection(ExtensibilityGlobals) = postSolution
		SolutionGuid = {51B92617-8025-4138-869A-24639599C1CD}
	EndGlobalSection
EndGlobal
